{
  "name": "md5crypt",
  "version": "1.0.0",
  "lockfileVersion": 1,
  "requires": true,
  "dependencies": {
    "charenc": {
      "version": "0.0.2",
      "resolved": "https://registry.npmjs.org/charenc/-/charenc-0.0.2.tgz",
      "integrity": "sha1-wKHS86cJLgN3S/qD8UwPxXkKhmc="
    },
    "crypt": {
      "version": "0.0.2",
      "resolved": "https://registry.npmjs.org/crypt/-/crypt-0.0.2.tgz",
      "integrity": "sha1-iNf/fsDfuG9xPch7u0LQRNPmxBs="
    },
    "is-buffer": {
      "version": "1.1.6",
      "resolved": "https://registry.npmjs.org/is-buffer/-/is-buffer-1.1.6.tgz",
      "integrity": "sha512-NcdALwpXkTm5Zvvbk7owOUSvVvBKDgKP5/ewfXEznmQFfs4ZRmanOeKBTjRVjka3QFoN6XJ+9F3USqfHqTaU5w=="
    },
    "leading-chars": {
      "version": "0.0.4",
      "resolved": "https://registry.npmjs.org/leading-chars/-/leading-chars-0.0.4.tgz",
      "integrity": "sha1-aovgmzTFZSmNJ84ucL4jXZIJwMU=",
      "requires": {
        "xtend": "^4.0.0"
      },
      "dependencies": {
        "xtend": {
          "version": "4.0.2",
          "resolved": "https://registry.npmjs.org/xtend/-/xtend-4.0.2.tgz",
          "integrity": "sha512-LKYU1iAXJXUgAXn9URjiu+MWhyUXHsvfp7mcuYm9dSUKK0/CjtrUwFAxD82/mCWbtLsGjFIad0wIsod4zrTAEQ=="
        }
      }
    },
    "md5": {
      "version": "2.2.1",
      "resolved": "https://registry.npmjs.org/md5/-/md5-2.2.1.tgz",
      "integrity": "sha1-U6s41f48iJG6RlMp6iP6wFQBJvk=",
      "requires": {
        "charenc": "~0.0.1",
        "crypt": "~0.0.1",
        "is-buffer": "~1.1.1"
      }
    },
    "md5-jkmyers": {
      "version": "0.0.1",
      "resolved": "https://registry.npmjs.org/md5-jkmyers/-/md5-jkmyers-0.0.1.tgz",
      "integrity": "sha1-t9PfKAe5HV7H8zc7V/JNYLD6krs="
    },
    "ns-elapsed": {
      "version": "0.0.3",
      "resolved": "https://registry.npmjs.org/ns-elapsed/-/ns-elapsed-0.0.3.tgz",
      "integrity": "sha1-PKMKUGTn7ba6hfK+Gbzx3MB48NI=",
      "requires": {
        "leading-chars": "~0.0.2"
      }
    },
    "reverse-md5": {
      "version": "0.0.4",
      "resolved": "https://registry.npmjs.org/reverse-md5/-/reverse-md5-0.0.4.tgz",
      "integrity": "sha1-5YQcKr/Ejb5nOZyi2c5T+q5eHBo=",
      "requires": {
        "md5-jkmyers": "~0.0.1",
        "ns-elapsed": "~0.0.2",
        "xtend": "~3.0.0"
      }
    },
    "xtend": {
      "version": "3.0.0",
      "resolved": "https://registry.npmjs.org/xtend/-/xtend-3.0.0.tgz",
      "integrity": "sha1-XM50B7r2Qsunvs2laBEcST9ZZlo="
    }
  }
}
